
Microsoft Visual Studio Solution File, Format Version 11.00
# Visual Studio 2010
Project("{FAE04EC0-301F-11D3-BF4B-00C04F79EFBC}") = "Assembly-CSharp", "Assembly-CSharp.csproj", "{2FC6EC32-DF65-D955-40C1-A16634AFE54C}"
EndProject
Project("{FAE04EC0-301F-11D3-BF4B-00C04F79EFBC}") = "Assembly-CSharp-Editor", "Assembly-CSharp-Editor.csproj", "{34A6034D-9258-0076-6605-7DF0707CEAE2}"
EndProject
Global
	GlobalSection(SolutionConfigurationPlatforms) = preSolution
		Debug|Any CPU = Debug|Any CPU
		Release|Any CPU = Release|Any CPU
	EndGlobalSection
	GlobalSection(ProjectConfigurationPlatforms) = postSolution
		{2FC6EC32-DF65-D955-40C1-A16634AFE54C}.Debug|Any CPU.ActiveCfg = Debug|Any CPU
		{2FC6EC32-DF65-D955-40C1-A16634AFE54C}.Debug|Any CPU.Build.0 = Debug|Any CPU
		{2FC6EC32-DF65-D955-40C1-A16634AFE54C}.Release|Any CPU.ActiveCfg = Release|Any CPU
		{2FC6EC32-DF65-D955-40C1-A16634AFE54C}.Release|Any CPU.Build.0 = Release|Any CPU
		{34A6034D-9258-0076-6605-7DF0707CEAE2}.Debug|Any CPU.ActiveCfg = Debug|Any CPU
		{34A6034D-9258-0076-6605-7DF0707CEAE2}.Debug|Any CPU.Build.0 = Debug|Any CPU
		{34A6034D-9258-0076-6605-7DF0707CEAE2}.Release|Any CPU.ActiveCfg = Release|Any CPU
		{34A6034D-9258-0076-6605-7DF0707CEAE2}.Release|Any CPU.Build.0 = Release|Any CPU
	EndGlobalSection
	GlobalSection(SolutionProperties) = preSolution
		HideSolutionNode = FALSE
	EndGlobalSection
EndGlobal
